# SecureCrypto - DE10-Nano, revision sc_b (VARIANT 1)
set_global_assignment -name FAMILY "Cyclone V"
set_global_assignment -name DEVICE 5CSEBA6U23I7
set_global_assignment -name TOP_LEVEL_ENTITY de10nano_top
set_global_assignment -name VERILOG_INPUT_VERSION VERILOG_2001
set_global_assignment -name PROJECT_OUTPUT_DIRECTORY output_files_sc_b
set_global_assignment -name GENERATE_RBF_FILE ON
set_global_assignment -name SDC_FILE securecrypto.sdc
set_global_assignment -name VERILOG_FILE ../rtl/sc_ascon_round.v
set_global_assignment -name VERILOG_FILE ../rtl/sc_ascon_core.v
set_global_assignment -name VERILOG_FILE ../rtl/sc_prng.v
set_global_assignment -name VERILOG_FILE ../rtl/securecrypto.v
set_global_assignment -name VERILOG_FILE ../rtl/sc_selftest_rom.v
set_global_assignment -name VERILOG_FILE ../rtl/sc_selftest.v
set_global_assignment -name VERILOG_FILE ../rtl/de10nano_top.v

set_parameter -name VARIANT 1
set_parameter -name LAB_BUILD 1

# ---- pin assignments (verified against the DE10-Nano User Manual)
set_location_assignment PIN_V11 -to FPGA_CLK1_50
set_location_assignment PIN_AH17 -to KEY[0]
set_location_assignment PIN_AH16 -to KEY[1]
set_location_assignment PIN_Y24 -to SW[0]
set_location_assignment PIN_W24 -to SW[1]
set_location_assignment PIN_W15 -to LED[0]
set_location_assignment PIN_AA24 -to LED[1]
set_location_assignment PIN_V16 -to LED[2]
set_location_assignment PIN_V15 -to LED[3]
set_location_assignment PIN_AF26 -to LED[4]
set_location_assignment PIN_AE26 -to LED[5]
set_location_assignment PIN_V12 -to GPIO_0[0]
set_location_assignment PIN_E8 -to GPIO_0[1]

set_instance_assignment -name IO_STANDARD "3.3-V LVTTL" -to FPGA_CLK1_50
set_instance_assignment -name IO_STANDARD "3.3-V LVTTL" -to KEY[0]
set_instance_assignment -name IO_STANDARD "3.3-V LVTTL" -to KEY[1]
set_instance_assignment -name IO_STANDARD "3.3-V LVTTL" -to SW[0]
set_instance_assignment -name IO_STANDARD "3.3-V LVTTL" -to SW[1]
set_instance_assignment -name IO_STANDARD "3.3-V LVTTL" -to LED[0]
set_instance_assignment -name IO_STANDARD "3.3-V LVTTL" -to LED[1]
set_instance_assignment -name IO_STANDARD "3.3-V LVTTL" -to LED[2]
set_instance_assignment -name IO_STANDARD "3.3-V LVTTL" -to LED[3]
set_instance_assignment -name IO_STANDARD "3.3-V LVTTL" -to LED[4]
set_instance_assignment -name IO_STANDARD "3.3-V LVTTL" -to LED[5]
set_instance_assignment -name IO_STANDARD "3.3-V LVTTL" -to GPIO_0[0]
set_instance_assignment -name IO_STANDARD "3.3-V LVTTL" -to GPIO_0[1]
